
Microsoft Visual Studio Solution File, Format Version 11.00
# Visual Studio 2010
Project("{FAE04EC0-301F-11D3-BF4B-00C04F79EFBC}") = "APITest", "APITest\APITest.csproj", "{64FDB5C5-77C9-45ED-BEE3-2F27A900E627}"
EndProject
Project("{FAE04EC0-301F-11D3-BF4B-00C04F79EFBC}") = "MyFlickr.Rest", "MyFlickr.Rest\MyFlickr.Rest.csproj", "{E0BF18A4-70D9-4EC9-A4D2-B7D54EBDADC7}"
EndProject
Project("{FAE04EC0-301F-11D3-BF4B-00C04F79EFBC}") = "MyFlickr.Rest.Test", "MyFlickr.Rest.Test\MyFlickr.Rest.Test.csproj", "{9114B8DC-5723-45CA-9F8B-AD5957CFAF93}"
EndProject
Project("{FAE04EC0-301F-11D3-BF4B-00C04F79EFBC}") = "MyFlickr.Rest.Synchronous", "MyFlickr.Rest.synchronous\MyFlickr.Rest.Synchronous.csproj", "{35D2A0D1-2173-4105-BA44-8D7ED4F887D0}"
EndProject
Global
	GlobalSection(TeamFoundationVersionControl) = preSolution
		SccNumberOfProjects = 5
		SccEnterpriseProvider = {4CA58AB2-18FA-4F8D-95D4-32DDF27D184C}
		SccTeamFoundationServer = https://tfs.codeplex.com/tfs/tfs04
		SccLocalPath0 = .
		SccProjectUniqueName1 = APITest\\APITest.csproj
		SccProjectName1 = APITest
		SccLocalPath1 = APITest
		SccProjectUniqueName2 = MyFlickr.Rest\\MyFlickr.Rest.csproj
		SccProjectName2 = MyFlickr.Rest
		SccLocalPath2 = MyFlickr.Rest
		SccProjectUniqueName3 = MyFlickr.Rest.Test\\MyFlickr.Rest.Test.csproj
		SccProjectName3 = MyFlickr.Rest.Test
		SccLocalPath3 = MyFlickr.Rest.Test
		SccProjectUniqueName4 = MyFlickr.Rest.synchronous\\MyFlickr.Rest.synchronous.csproj
		SccProjectName4 = MyFlickr.Rest.synchronous
		SccLocalPath4 = MyFlickr.Rest.synchronous
	EndGlobalSection
	GlobalSection(SolutionConfigurationPlatforms) = preSolution
		Debug|Any CPU = Debug|Any CPU
		Debug|Mixed Platforms = Debug|Mixed Platforms
		Debug|x86 = Debug|x86
		Release|Any CPU = Release|Any CPU
		Release|Mixed Platforms = Release|Mixed Platforms
		Release|x86 = Release|x86
	EndGlobalSection
	GlobalSection(ProjectConfigurationPlatforms) = postSolution
		{64FDB5C5-77C9-45ED-BEE3-2F27A900E627}.Debug|Any CPU.ActiveCfg = Debug|x86
		{64FDB5C5-77C9-45ED-BEE3-2F27A900E627}.Debug|Mixed Platforms.ActiveCfg = Debug|x86
		{64FDB5C5-77C9-45ED-BEE3-2F27A900E627}.Debug|Mixed Platforms.Build.0 = Debug|x86
		{64FDB5C5-77C9-45ED-BEE3-2F27A900E627}.Debug|x86.ActiveCfg = Debug|x86
		{64FDB5C5-77C9-45ED-BEE3-2F27A900E627}.Debug|x86.Build.0 = Debug|x86
		{64FDB5C5-77C9-45ED-BEE3-2F27A900E627}.Release|Any CPU.ActiveCfg = Release|x86
		{64FDB5C5-77C9-45ED-BEE3-2F27A900E627}.Release|Mixed Platforms.ActiveCfg = Release|x86
		{64FDB5C5-77C9-45ED-BEE3-2F27A900E627}.Release|Mixed Platforms.Build.0 = Release|x86
		{64FDB5C5-77C9-45ED-BEE3-2F27A900E627}.Release|x86.ActiveCfg = Release|x86
		{64FDB5C5-77C9-45ED-BEE3-2F27A900E627}.Release|x86.Build.0 = Release|x86
		{E0BF18A4-70D9-4EC9-A4D2-B7D54EBDADC7}.Debug|Any CPU.ActiveCfg = Debug|Any CPU
		{E0BF18A4-70D9-4EC9-A4D2-B7D54EBDADC7}.Debug|Any CPU.Build.0 = Debug|Any CPU
		{E0BF18A4-70D9-4EC9-A4D2-B7D54EBDADC7}.Debug|Mixed Platforms.ActiveCfg = Debug|Any CPU
		{E0BF18A4-70D9-4EC9-A4D2-B7D54EBDADC7}.Debug|Mixed Platforms.Build.0 = Debug|Any CPU
		{E0BF18A4-70D9-4EC9-A4D2-B7D54EBDADC7}.Debug|x86.ActiveCfg = Debug|Any CPU
		{E0BF18A4-70D9-4EC9-A4D2-B7D54EBDADC7}.Release|Any CPU.ActiveCfg = Release|Any CPU
		{E0BF18A4-70D9-4EC9-A4D2-B7D54EBDADC7}.Release|Any CPU.Build.0 = Release|Any CPU
		{E0BF18A4-70D9-4EC9-A4D2-B7D54EBDADC7}.Release|Mixed Platforms.ActiveCfg = Release|Any CPU
		{E0BF18A4-70D9-4EC9-A4D2-B7D54EBDADC7}.Release|Mixed Platforms.Build.0 = Release|Any CPU
		{E0BF18A4-70D9-4EC9-A4D2-B7D54EBDADC7}.Release|x86.ActiveCfg = Release|Any CPU
		{9114B8DC-5723-45CA-9F8B-AD5957CFAF93}.Debug|Any CPU.ActiveCfg = Debug|Any CPU
		{9114B8DC-5723-45CA-9F8B-AD5957CFAF93}.Debug|Any CPU.Build.0 = Debug|Any CPU
		{9114B8DC-5723-45CA-9F8B-AD5957CFAF93}.Debug|Mixed Platforms.ActiveCfg = Debug|Any CPU
		{9114B8DC-5723-45CA-9F8B-AD5957CFAF93}.Debug|Mixed Platforms.Build.0 = Debug|Any CPU
		{9114B8DC-5723-45CA-9F8B-AD5957CFAF93}.Debug|x86.ActiveCfg = Debug|Any CPU
		{9114B8DC-5723-45CA-9F8B-AD5957CFAF93}.Release|Any CPU.ActiveCfg = Release|Any CPU
		{9114B8DC-5723-45CA-9F8B-AD5957CFAF93}.Release|Any CPU.Build.0 = Release|Any CPU
		{9114B8DC-5723-45CA-9F8B-AD5957CFAF93}.Release|Mixed Platforms.ActiveCfg = Release|Any CPU
		{9114B8DC-5723-45CA-9F8B-AD5957CFAF93}.Release|Mixed Platforms.Build.0 = Release|Any CPU
		{9114B8DC-5723-45CA-9F8B-AD5957CFAF93}.Release|x86.ActiveCfg = Release|Any CPU
		{35D2A0D1-2173-4105-BA44-8D7ED4F887D0}.Debug|Any CPU.ActiveCfg = Debug|Any CPU
		{35D2A0D1-2173-4105-BA44-8D7ED4F887D0}.Debug|Any CPU.Build.0 = Debug|Any CPU
		{35D2A0D1-2173-4105-BA44-8D7ED4F887D0}.Debug|Mixed Platforms.ActiveCfg = Debug|Any CPU
		{35D2A0D1-2173-4105-BA44-8D7ED4F887D0}.Debug|Mixed Platforms.Build.0 = Debug|Any CPU
		{35D2A0D1-2173-4105-BA44-8D7ED4F887D0}.Debug|x86.ActiveCfg = Debug|Any CPU
		{35D2A0D1-2173-4105-BA44-8D7ED4F887D0}.Release|Any CPU.ActiveCfg = Release|Any CPU
		{35D2A0D1-2173-4105-BA44-8D7ED4F887D0}.Release|Any CPU.Build.0 = Release|Any CPU
		{35D2A0D1-2173-4105-BA44-8D7ED4F887D0}.Release|Mixed Platforms.ActiveCfg = Release|Any CPU
		{35D2A0D1-2173-4105-BA44-8D7ED4F887D0}.Release|Mixed Platforms.Build.0 = Release|Any CPU
		{35D2A0D1-2173-4105-BA44-8D7ED4F887D0}.Release|x86.ActiveCfg = Release|Any CPU
	EndGlobalSection
	GlobalSection(SolutionProperties) = preSolution
		HideSolutionNode = FALSE
	EndGlobalSection
EndGlobal
